
Microsoft Visual Studio Solution File, Format Version 12.00
# Visual Studio Version 17
VisualStudioVersion = 17.14.37111.16
MinimumVisualStudioVersion = 10.0.40219.1
Project("{FAE04EC0-301F-11D3-BF4B-00C04F79EFBC}") = "PAS_BlindMatching", "PAS_BlindMatching\PAS_BlindMatching.csproj", "{BF4C104A-6143-44D5-BE28-1039D45FB971}"
EndProject
Project("{FAE04EC0-301F-11D3-BF4B-00C04F79EFBC}") = "PAS.tests", "PAS.tests\PAS.tests.csproj", "{8059EBD9-31C2-4068-808F-825FBBD52084}"
EndProject
Global
	GlobalSection(SolutionConfigurationPlatforms) = preSolution
		Debug|Any CPU = Debug|Any CPU
		Release|Any CPU = Release|Any CPU
	EndGlobalSection
	GlobalSection(ProjectConfigurationPlatforms) = postSolution
		{BF4C104A-6143-44D5-BE28-1039D45FB971}.Debug|Any CPU.ActiveCfg = Debug|Any CPU
		{BF4C104A-6143-44D5-BE28-1039D45FB971}.Debug|Any CPU.Build.0 = Debug|Any CPU
		{BF4C104A-6143-44D5-BE28-1039D45FB971}.Release|Any CPU.ActiveCfg = Release|Any CPU
		{BF4C104A-6143-44D5-BE28-1039D45FB971}.Release|Any CPU.Build.0 = Release|Any CPU
		{8059EBD9-31C2-4068-808F-825FBBD52084}.Debug|Any CPU.ActiveCfg = Debug|Any CPU
		{8059EBD9-31C2-4068-808F-825FBBD52084}.Debug|Any CPU.Build.0 = Debug|Any CPU
		{8059EBD9-31C2-4068-808F-825FBBD52084}.Release|Any CPU.ActiveCfg = Release|Any CPU
		{8059EBD9-31C2-4068-808F-825FBBD52084}.Release|Any CPU.Build.0 = Release|Any CPU
	EndGlobalSection
	GlobalSection(SolutionProperties) = preSolution
		HideSolutionNode = FALSE
	EndGlobalSection
	GlobalSection(ExtensibilityGlobals) = postSolution
		SolutionGuid = {3F73E64E-6C06-464F-9951-BEB1AF37F038}
	EndGlobalSection
EndGlobal
